
Microsoft Visual Studio Solution File, Format Version 12.00
# Visual Studio Version 16
VisualStudioVersion = 16.0.30907.101
MinimumVisualStudioVersion = 10.0.40219.1
Project("{2150E333-8FDC-42A3-9474-1A3956D46DE8}") = "Solution Items", "Solution Items", "{8D6B5546-576F-4DBF-B343-C4F890778917}"
	ProjectSection(SolutionItems) = preProject
		originals\acquirer.svg = originals\acquirer.svg
		originals\java\AcquirerIcon.java = originals\java\AcquirerIcon.java
		originals\browser.svg = originals\browser.svg
		originals\build.xml = originals\build.xml
		originals\card.svg = originals\card.svg
		originals\java\CreateDocument.java = originals\java\CreateDocument.java
		draft.html = draft.html
		images\fwp.svg = images\fwp.svg
		index.html = index.html
		originals\issuer.svg = originals\issuer.svg
		originals\merchant.svg = originals\merchant.svg
		originals\prd.json = originals\prd.json
		README.md = README.md
		originals\java\SequenceDiagram.java = originals\java\SequenceDiagram.java
		originals\sequencediagram.svg = originals\sequencediagram.svg
		originals\signed-ad.json = originals\signed-ad.json
		originals\template.html = originals\template.html
		images\ui.svg = images\ui.svg
		originals\unsigned-ad.json = originals\unsigned-ad.json
		originals\user.svg = originals\user.svg
		images\xtl.svg = images\xtl.svg
	EndProjectSection
EndProject
Global
	GlobalSection(SolutionProperties) = preSolution
		HideSolutionNode = FALSE
	EndGlobalSection
	GlobalSection(ExtensibilityGlobals) = postSolution
		SolutionGuid = {928CA0D8-7860-4FE6-869E-09CCCD3B1ED8}
	EndGlobalSection
EndGlobal
